
Microsoft Visual Studio Solution File, Format Version 12.00
# Blend for Visual Studio 15
VisualStudioVersion = 15.0.27703.2026
MinimumVisualStudioVersion = 10.0.40219.1
Project("{FAE04EC0-301F-11D3-BF4B-00C04F79EFBC}") = "DateRemember 5", "DateRemember 5\DateRemember 5.csproj", "{D664C5B3-C44D-4C1B-919A-81D4EE9C349F}"
EndProject
Project("{FAE04EC0-301F-11D3-BF4B-00C04F79EFBC}") = "DateRemember_Background_Task", "DateRemember_Background_Task\DateRemember_Background_Task.csproj", "{2AB17E99-BC83-49C3-989C-1D4CF3071D36}"
EndProject
Project("{FAE04EC0-301F-11D3-BF4B-00C04F79EFBC}") = "DataAccess", "DataAccess\DataAccess.csproj", "{A2AE04E5-4CD6-4489-85D7-B23A71A46F59}"
EndProject
Global
	GlobalSection(SolutionConfigurationPlatforms) = preSolution
		Debug|Any CPU = Debug|Any CPU
		Debug|ARM = Debug|ARM
		Debug|x64 = Debug|x64
		Debug|x86 = Debug|x86
		Release|Any CPU = Release|Any CPU
		Release|ARM = Release|ARM
		Release|x64 = Release|x64
		Release|x86 = Release|x86
	EndGlobalSection
	GlobalSection(ProjectConfigurationPlatforms) = postSolution
		{D664C5B3-C44D-4C1B-919A-81D4EE9C349F}.Debug|Any CPU.ActiveCfg = Debug|x86
		{D664C5B3-C44D-4C1B-919A-81D4EE9C349F}.Debug|ARM.ActiveCfg = Debug|ARM
		{D664C5B3-C44D-4C1B-919A-81D4EE9C349F}.Debug|ARM.Build.0 = Debug|ARM
		{D664C5B3-C44D-4C1B-919A-81D4EE9C349F}.Debug|ARM.Deploy.0 = Debug|ARM
		{D664C5B3-C44D-4C1B-919A-81D4EE9C349F}.Debug|x64.ActiveCfg = Debug|x64
		{D664C5B3-C44D-4C1B-919A-81D4EE9C349F}.Debug|x64.Build.0 = Debug|x64
		{D664C5B3-C44D-4C1B-919A-81D4EE9C349F}.Debug|x64.Deploy.0 = Debug|x64
		{D664C5B3-C44D-4C1B-919A-81D4EE9C349F}.Debug|x86.ActiveCfg = Debug|x86
		{D664C5B3-C44D-4C1B-919A-81D4EE9C349F}.Debug|x86.Build.0 = Debug|x86
		{D664C5B3-C44D-4C1B-919A-81D4EE9C349F}.Debug|x86.Deploy.0 = Debug|x86
		{D664C5B3-C44D-4C1B-919A-81D4EE9C349F}.Release|Any CPU.ActiveCfg = Release|x86
		{D664C5B3-C44D-4C1B-919A-81D4EE9C349F}.Release|ARM.ActiveCfg = Release|ARM
		{D664C5B3-C44D-4C1B-919A-81D4EE9C349F}.Release|ARM.Build.0 = Release|ARM
		{D664C5B3-C44D-4C1B-919A-81D4EE9C349F}.Release|ARM.Deploy.0 = Release|ARM
		{D664C5B3-C44D-4C1B-919A-81D4EE9C349F}.Release|x64.ActiveCfg = Release|x64
		{D664C5B3-C44D-4C1B-919A-81D4EE9C349F}.Release|x64.Build.0 = Release|x64
		{D664C5B3-C44D-4C1B-919A-81D4EE9C349F}.Release|x64.Deploy.0 = Release|x64
		{D664C5B3-C44D-4C1B-919A-81D4EE9C349F}.Release|x86.ActiveCfg = Release|x86
		{D664C5B3-C44D-4C1B-919A-81D4EE9C349F}.Release|x86.Build.0 = Release|x86
		{D664C5B3-C44D-4C1B-919A-81D4EE9C349F}.Release|x86.Deploy.0 = Release|x86
		{2AB17E99-BC83-49C3-989C-1D4CF3071D36}.Debug|Any CPU.ActiveCfg = Debug|Any CPU
		{2AB17E99-BC83-49C3-989C-1D4CF3071D36}.Debug|Any CPU.Build.0 = Debug|Any CPU
		{2AB17E99-BC83-49C3-989C-1D4CF3071D36}.Debug|ARM.ActiveCfg = Debug|ARM
		{2AB17E99-BC83-49C3-989C-1D4CF3071D36}.Debug|ARM.Build.0 = Debug|ARM
		{2AB17E99-BC83-49C3-989C-1D4CF3071D36}.Debug|x64.ActiveCfg = Debug|x64
		{2AB17E99-BC83-49C3-989C-1D4CF3071D36}.Debug|x64.Build.0 = Debug|x64
		{2AB17E99-BC83-49C3-989C-1D4CF3071D36}.Debug|x86.ActiveCfg = Debug|x86
		{2AB17E99-BC83-49C3-989C-1D4CF3071D36}.Debug|x86.Build.0 = Debug|x86
		{2AB17E99-BC83-49C3-989C-1D4CF3071D36}.Release|Any CPU.ActiveCfg = Release|Any CPU
		{2AB17E99-BC83-49C3-989C-1D4CF3071D36}.Release|Any CPU.Build.0 = Release|Any CPU
		{2AB17E99-BC83-49C3-989C-1D4CF3071D36}.Release|ARM.ActiveCfg = Release|ARM
		{2AB17E99-BC83-49C3-989C-1D4CF3071D36}.Release|ARM.Build.0 = Release|ARM
		{2AB17E99-BC83-49C3-989C-1D4CF3071D36}.Release|x64.ActiveCfg = Release|x64
		{2AB17E99-BC83-49C3-989C-1D4CF3071D36}.Release|x64.Build.0 = Release|x64
		{2AB17E99-BC83-49C3-989C-1D4CF3071D36}.Release|x86.ActiveCfg = Release|x86
		{2AB17E99-BC83-49C3-989C-1D4CF3071D36}.Release|x86.Build.0 = Release|x86
		{A2AE04E5-4CD6-4489-85D7-B23A71A46F59}.Debug|Any CPU.ActiveCfg = Debug|Any CPU
		{A2AE04E5-4CD6-4489-85D7-B23A71A46F59}.Debug|Any CPU.Build.0 = Debug|Any CPU
		{A2AE04E5-4CD6-4489-85D7-B23A71A46F59}.Debug|ARM.ActiveCfg = Debug|ARM
		{A2AE04E5-4CD6-4489-85D7-B23A71A46F59}.Debug|ARM.Build.0 = Debug|ARM
		{A2AE04E5-4CD6-4489-85D7-B23A71A46F59}.Debug|x64.ActiveCfg = Debug|x64
		{A2AE04E5-4CD6-4489-85D7-B23A71A46F59}.Debug|x64.Build.0 = Debug|x64
		{A2AE04E5-4CD6-4489-85D7-B23A71A46F59}.Debug|x86.ActiveCfg = Debug|x86
		{A2AE04E5-4CD6-4489-85D7-B23A71A46F59}.Debug|x86.Build.0 = Debug|x86
		{A2AE04E5-4CD6-4489-85D7-B23A71A46F59}.Release|Any CPU.ActiveCfg = Release|Any CPU
		{A2AE04E5-4CD6-4489-85D7-B23A71A46F59}.Release|Any CPU.Build.0 = Release|Any CPU
		{A2AE04E5-4CD6-4489-85D7-B23A71A46F59}.Release|ARM.ActiveCfg = Release|ARM
		{A2AE04E5-4CD6-4489-85D7-B23A71A46F59}.Release|ARM.Build.0 = Release|ARM
		{A2AE04E5-4CD6-4489-85D7-B23A71A46F59}.Release|x64.ActiveCfg = Release|x64
		{A2AE04E5-4CD6-4489-85D7-B23A71A46F59}.Release|x64.Build.0 = Release|x64
		{A2AE04E5-4CD6-4489-85D7-B23A71A46F59}.Release|x86.ActiveCfg = Release|x86
		{A2AE04E5-4CD6-4489-85D7-B23A71A46F59}.Release|x86.Build.0 = Release|x86
	EndGlobalSection
	GlobalSection(SolutionProperties) = preSolution
		HideSolutionNode = FALSE
	EndGlobalSection
	GlobalSection(ExtensibilityGlobals) = postSolution
		SolutionGuid = {AE2FC698-DD90-4DE1-A0F3-0FEFA7B18E57}
	EndGlobalSection
EndGlobal
